// !$*UTF8*$!
{
	archiveVersion = 1;
	classes = {
	};
	objectVersion = 46;
	objects = {

/* Begin PBXBuildFile section */
		691A8EAF1BC7F5A000C14EA4 /* MapViewController.swift in Sources */ = {isa = PBXBuildFile; fileRef = 691A8EAE1BC7F5A000C14EA4 /* MapViewController.swift */; settings = {ASSET_TAGS = (); }; };
		697403491BC6B5C8005992B9 /* MapKit.framework in Frameworks */ = {isa = PBXBuildFile; fileRef = 697403481BC6B5C8005992B9 /* MapKit.framework */; };
		698734991BC4D2250017271B /* Functions.swift in Sources */ = {isa = PBXBuildFile; fileRef = 698734981BC4D2250017271B /* Functions.swift */; settings = {ASSET_TAGS = (); }; };
		6987349C1BC4D59C0017271B /* DataModel.xcdatamodeld in Sources */ = {isa = PBXBuildFile; fileRef = 6987349A1BC4D59C0017271B /* DataModel.xcdatamodeld */; settings = {ASSET_TAGS = (); }; };
		6987349F1BC4DA580017271B /* Location+CoreDataProperties.swift in Sources */ = {isa = PBXBuildFile; fileRef = 6987349D1BC4DA580017271B /* Location+CoreDataProperties.swift */; settings = {ASSET_TAGS = (); }; };
		698734A01BC4DA580017271B /* Location.swift in Sources */ = {isa = PBXBuildFile; fileRef = 6987349E1BC4DA580017271B /* Location.swift */; settings = {ASSET_TAGS = (); }; };
		698734A21BC51CFF0017271B /* LocationsViewController.swift in Sources */ = {isa = PBXBuildFile; fileRef = 698734A11BC51CFF0017271B /* LocationsViewController.swift */; settings = {ASSET_TAGS = (); }; };
		698734A41BC525200017271B /* LocationCell.swift in Sources */ = {isa = PBXBuildFile; fileRef = 698734A31BC525200017271B /* LocationCell.swift */; settings = {ASSET_TAGS = (); }; };
		69B802391BC9F3A10086FCDB /* UIImage+Resize.swift in Sources */ = {isa = PBXBuildFile; fileRef = 69B802381BC9F3A10086FCDB /* UIImage+Resize.swift */; settings = {ASSET_TAGS = (); }; };
		69B8023B1BC9FFBB0086FCDB /* String+AddText.swift in Sources */ = {isa = PBXBuildFile; fileRef = 69B8023A1BC9FFBB0086FCDB /* String+AddText.swift */; settings = {ASSET_TAGS = (); }; };
		69B8023D1BCA4D540086FCDB /* MyTabBarController.swift in Sources */ = {isa = PBXBuildFile; fileRef = 69B8023C1BCA4D540086FCDB /* MyTabBarController.swift */; settings = {ASSET_TAGS = (); }; };
		69B8023F1BCA4E2B0086FCDB /* MyNavigationController.swift in Sources */ = {isa = PBXBuildFile; fileRef = 69B8023E1BCA4E2B0086FCDB /* MyNavigationController.swift */; settings = {ASSET_TAGS = (); }; };
		69B802411BCA4EE30086FCDB /* MyImagePickerController.swift in Sources */ = {isa = PBXBuildFile; fileRef = 69B802401BCA4EE30086FCDB /* MyImagePickerController.swift */; settings = {ASSET_TAGS = (); }; };
		69B802441BCBDA850086FCDB /* Sound.caf in Resources */ = {isa = PBXBuildFile; fileRef = 69B802431BCBDA850086FCDB /* Sound.caf */; settings = {ASSET_TAGS = (); }; };
		69E00C101BBA3043007D0BEA /* AppDelegate.swift in Sources */ = {isa = PBXBuildFile; fileRef = 69E00C0F1BBA3043007D0BEA /* AppDelegate.swift */; };
		69E00C121BBA3043007D0BEA /* CurrentLocationViewController.swift in Sources */ = {isa = PBXBuildFile; fileRef = 69E00C111BBA3043007D0BEA /* CurrentLocationViewController.swift */; };
		69E00C171BBA3043007D0BEA /* Main.storyboard in Resources */ = {isa = PBXBuildFile; fileRef = 69E00C151BBA3043007D0BEA /* Main.storyboard */; };
		69E00C191BBA3043007D0BEA /* Assets.xcassets in Resources */ = {isa = PBXBuildFile; fileRef = 69E00C181BBA3043007D0BEA /* Assets.xcassets */; };
		69FC35931BBB761C00458ABE /* LocationDetailsViewController.swift in Sources */ = {isa = PBXBuildFile; fileRef = 69FC35921BBB761C00458ABE /* LocationDetailsViewController.swift */; settings = {ASSET_TAGS = (); }; };
		69FC35951BBBC65100458ABE /* CategoryPickerViewController.swift in Sources */ = {isa = PBXBuildFile; fileRef = 69FC35941BBBC65100458ABE /* CategoryPickerViewController.swift */; settings = {ASSET_TAGS = (); }; };
		69FC35971BBCDB5500458ABE /* HudView.swift in Sources */ = {isa = PBXBuildFile; fileRef = 69FC35961BBCDB5500458ABE /* HudView.swift */; settings = {ASSET_TAGS = (); }; };
/* End PBXBuildFile section */

/* Begin PBXFileReference section */
		691A8EAE1BC7F5A000C14EA4 /* MapViewController.swift */ = {isa = PBXFileReference; fileEncoding = 4; lastKnownFileType = sourcecode.swift; path = MapViewController.swift; sourceTree = "<group>"; };
		697403481BC6B5C8005992B9 /* MapKit.framework */ = {isa = PBXFileReference; lastKnownFileType = wrapper.framework; name = MapKit.framework; path = System/Library/Frameworks/MapKit.framework; sourceTree = SDKROOT; };
		698734981BC4D2250017271B /* Functions.swift */ = {isa = PBXFileReference; fileEncoding = 4; lastKnownFileType = sourcecode.swift; path = Functions.swift; sourceTree = "<group>"; };
		6987349B1BC4D59C0017271B /* DataModel.xcdatamodel */ = {isa = PBXFileReference; lastKnownFileType = wrapper.xcdatamodel; path = DataModel.xcdatamodel; sourceTree = "<group>"; };
		6987349D1BC4DA580017271B /* Location+CoreDataProperties.swift */ = {isa = PBXFileReference; fileEncoding = 4; lastKnownFileType = sourcecode.swift; name = "Location+CoreDataProperties.swift"; path = "../Location+CoreDataProperties.swift"; sourceTree = "<group>"; };
		6987349E1BC4DA580017271B /* Location.swift */ = {isa = PBXFileReference; fileEncoding = 4; lastKnownFileType = sourcecode.swift; name = Location.swift; path = ../Location.swift; sourceTree = "<group>"; };
		698734A11BC51CFF0017271B /* LocationsViewController.swift */ = {isa = PBXFileReference; fileEncoding = 4; lastKnownFileType = sourcecode.swift; path = LocationsViewController.swift; sourceTree = "<group>"; };
		698734A31BC525200017271B /* LocationCell.swift */ = {isa = PBXFileReference; fileEncoding = 4; lastKnownFileType = sourcecode.swift; path = LocationCell.swift; sourceTree = "<group>"; };
		69B802381BC9F3A10086FCDB /* UIImage+Resize.swift */ = {isa = PBXFileReference; fileEncoding = 4; lastKnownFileType = sourcecode.swift; path = "UIImage+Resize.swift"; sourceTree = "<group>"; };
		69B8023A1BC9FFBB0086FCDB /* String+AddText.swift */ = {isa = PBXFileReference; fileEncoding = 4; lastKnownFileType = sourcecode.swift; path = "String+AddText.swift"; sourceTree = "<group>"; };
		69B8023C1BCA4D540086FCDB /* MyTabBarController.swift */ = {isa = PBXFileReference; fileEncoding = 4; lastKnownFileType = sourcecode.swift; path = MyTabBarController.swift; sourceTree = "<group>"; };
		69B8023E1BCA4E2B0086FCDB /* MyNavigationController.swift */ = {isa = PBXFileReference; fileEncoding = 4; lastKnownFileType = sourcecode.swift; path = MyNavigationController.swift; sourceTree = "<group>"; };
		69B802401BCA4EE30086FCDB /* MyImagePickerController.swift */ = {isa = PBXFileReference; fileEncoding = 4; lastKnownFileType = sourcecode.swift; path = MyImagePickerController.swift; sourceTree = "<group>"; };
		69B802431BCBDA850086FCDB /* Sound.caf */ = {isa = PBXFileReference; lastKnownFileType = file; path = Sound.caf; sourceTree = "<group>"; };
		69E00C0C1BBA3043007D0BEA /* MyLocations.app */ = {isa = PBXFileReference; explicitFileType = wrapper.application; includeInIndex = 0; path = MyLocations.app; sourceTree = BUILT_PRODUCTS_DIR; };
		69E00C0F1BBA3043007D0BEA /* AppDelegate.swift */ = {isa = PBXFileReference; lastKnownFileType = sourcecode.swift; path = AppDelegate.swift; sourceTree = "<group>"; };
		69E00C111BBA3043007D0BEA /* CurrentLocationViewController.swift */ = {isa = PBXFileReference; lastKnownFileType = sourcecode.swift; path = CurrentLocationViewController.swift; sourceTree = "<group>"; };
		69E00C161BBA3043007D0BEA /* Base */ = {isa = PBXFileReference; lastKnownFileType = file.storyboard; name = Base; path = Base.lproj/Main.storyboard; sourceTree = "<group>"; };
		69E00C181BBA3043007D0BEA /* Assets.xcassets */ = {isa = PBXFileReference; lastKnownFileType = folder.assetcatalog; path = Assets.xcassets; sourceTree = "<group>"; };
		69E00C1D1BBA3043007D0BEA /* Info.plist */ = {isa = PBXFileReference; lastKnownFileType = text.plist.xml; path = Info.plist; sourceTree = "<group>"; };
		69FC35921BBB761C00458ABE /* LocationDetailsViewController.swift */ = {isa = PBXFileReference; fileEncoding = 4; lastKnownFileType = sourcecode.swift; path = LocationDetailsViewController.swift; sourceTree = "<group>"; };
		69FC35941BBBC65100458ABE /* CategoryPickerViewController.swift */ = {isa = PBXFileReference; fileEncoding = 4; lastKnownFileType = sourcecode.swift; path = CategoryPickerViewController.swift; sourceTree = "<group>"; };
		69FC35961BBCDB5500458ABE /* HudView.swift */ = {isa = PBXFileReference; fileEncoding = 4; lastKnownFileType = sourcecode.swift; path = HudView.swift; sourceTree = "<group>"; };
/* End PBXFileReference section */

/* Begin PBXFrameworksBuildPhase section */
		69E00C091BBA3043007D0BEA /* Frameworks */ = {
			isa = PBXFrameworksBuildPhase;
			buildActionMask = 2147483647;
			files = (
				697403491BC6B5C8005992B9 /* MapKit.framework in Frameworks */,
			);
			runOnlyForDeploymentPostprocessing = 0;
		};
/* End PBXFrameworksBuildPhase section */

/* Begin PBXGroup section */
		69B802421BCBDA850086FCDB /* Sound */ = {
			isa = PBXGroup;
			children = (
				69B802431BCBDA850086FCDB /* Sound.caf */,
			);
			path = Sound;
			sourceTree = "<group>";
		};
		69E00C031BBA3043007D0BEA = {
			isa = PBXGroup;
			children = (
				69B802421BCBDA850086FCDB /* Sound */,
				697403481BC6B5C8005992B9 /* MapKit.framework */,
				69E00C0E1BBA3043007D0BEA /* MyLocations */,
				69E00C0D1BBA3043007D0BEA /* Products */,
			);
			sourceTree = "<group>";
		};
		69E00C0D1BBA3043007D0BEA /* Products */ = {
			isa = PBXGroup;
			children = (
				69E00C0C1BBA3043007D0BEA /* MyLocations.app */,
			);
			name = Products;
			sourceTree = "<group>";
		};
		69E00C0E1BBA3043007D0BEA /* MyLocations */ = {
			isa = PBXGroup;
			children = (
				69E00C0F1BBA3043007D0BEA /* AppDelegate.swift */,
				69E00C181BBA3043007D0BEA /* Assets.xcassets */,
				69FC35941BBBC65100458ABE /* CategoryPickerViewController.swift */,
				69E00C111BBA3043007D0BEA /* CurrentLocationViewController.swift */,
				6987349A1BC4D59C0017271B /* DataModel.xcdatamodeld */,
				698734981BC4D2250017271B /* Functions.swift */,
				69FC35961BBCDB5500458ABE /* HudView.swift */,
				69E00C1D1BBA3043007D0BEA /* Info.plist */,
				6987349E1BC4DA580017271B /* Location.swift */,
				6987349D1BC4DA580017271B /* Location+CoreDataProperties.swift */,
				69FC35921BBB761C00458ABE /* LocationDetailsViewController.swift */,
				698734A11BC51CFF0017271B /* LocationsViewController.swift */,
				69E00C151BBA3043007D0BEA /* Main.storyboard */,
				698734A31BC525200017271B /* LocationCell.swift */,
				691A8EAE1BC7F5A000C14EA4 /* MapViewController.swift */,
				69B802381BC9F3A10086FCDB /* UIImage+Resize.swift */,
				69B8023A1BC9FFBB0086FCDB /* String+AddText.swift */,
				69B8023C1BCA4D540086FCDB /* MyTabBarController.swift */,
				69B8023E1BCA4E2B0086FCDB /* MyNavigationController.swift */,
				69B802401BCA4EE30086FCDB /* MyImagePickerController.swift */,
			);
			path = MyLocations;
			sourceTree = "<group>";
		};
/* End PBXGroup section */

/* Begin PBXNativeTarget section */
		69E00C0B1BBA3043007D0BEA /* MyLocations */ = {
			isa = PBXNativeTarget;
			buildConfigurationList = 69E00C201BBA3043007D0BEA /* Build configuration list for PBXNativeTarget "MyLocations" */;
			buildPhases = (
				69E00C081BBA3043007D0BEA /* Sources */,
				69E00C091BBA3043007D0BEA /* Frameworks */,
				69E00C0A1BBA3043007D0BEA /* Resources */,
			);
			buildRules = (
			);
			dependencies = (
			);
			name = MyLocations;
			productName = MyLocations;
			productReference = 69E00C0C1BBA3043007D0BEA /* MyLocations.app */;
			productType = "com.apple.product-type.application";
		};
/* End PBXNativeTarget section */

/* Begin PBXProject section */
		69E00C041BBA3043007D0BEA /* Project object */ = {
			isa = PBXProject;
			attributes = {
				LastUpgradeCheck = 0700;
				ORGANIZATIONNAME = look4us;
				TargetAttributes = {
					69E00C0B1BBA3043007D0BEA = {
						CreatedOnToolsVersion = 7.0;
						DevelopmentTeam = EA89VD8A87;
					};
				};
			};
			buildConfigurationList = 69E00C071BBA3043007D0BEA /* Build configuration list for PBXProject "MyLocations" */;
			compatibilityVersion = "Xcode 3.2";
			developmentRegion = English;
			hasScannedForEncodings = 0;
			knownRegions = (
				en,
				Base,
			);
			mainGroup = 69E00C031BBA3043007D0BEA;
			productRefGroup = 69E00C0D1BBA3043007D0BEA /* Products */;
			projectDirPath = "";
			projectRoot = "";
			targets = (
				69E00C0B1BBA3043007D0BEA /* MyLocations */,
			);
		};
/* End PBXProject section */

/* Begin PBXResourcesBuildPhase section */
		69E00C0A1BBA3043007D0BEA /* Resources */ = {
			isa = PBXResourcesBuildPhase;
			buildActionMask = 2147483647;
			files = (
				69E00C191BBA3043007D0BEA /* Assets.xcassets in Resources */,
				69B802441BCBDA850086FCDB /* Sound.caf in Resources */,
				69E00C171BBA3043007D0BEA /* Main.storyboard in Resources */,
			);
			runOnlyForDeploymentPostprocessing = 0;
		};
/* End PBXResourcesBuildPhase section */

/* Begin PBXSourcesBuildPhase section */
		69E00C081BBA3043007D0BEA /* Sources */ = {
			isa = PBXSourcesBuildPhase;
			buildActionMask = 2147483647;
			files = (
				69FC35931BBB761C00458ABE /* LocationDetailsViewController.swift in Sources */,
				69B8023F1BCA4E2B0086FCDB /* MyNavigationController.swift in Sources */,
				6987349C1BC4D59C0017271B /* DataModel.xcdatamodeld in Sources */,
				69B802411BCA4EE30086FCDB /* MyImagePickerController.swift in Sources */,
				698734A01BC4DA580017271B /* Location.swift in Sources */,
				698734A21BC51CFF0017271B /* LocationsViewController.swift in Sources */,
				69FC35971BBCDB5500458ABE /* HudView.swift in Sources */,
				691A8EAF1BC7F5A000C14EA4 /* MapViewController.swift in Sources */,
				69B802391BC9F3A10086FCDB /* UIImage+Resize.swift in Sources */,
				698734A41BC525200017271B /* LocationCell.swift in Sources */,
				698734991BC4D2250017271B /* Functions.swift in Sources */,
				6987349F1BC4DA580017271B /* Location+CoreDataProperties.swift in Sources */,
				69E00C101BBA3043007D0BEA /* AppDelegate.swift in Sources */,
				69B8023B1BC9FFBB0086FCDB /* String+AddText.swift in Sources */,
				69FC35951BBBC65100458ABE /* CategoryPickerViewController.swift in Sources */,
				69E00C121BBA3043007D0BEA /* CurrentLocationViewController.swift in Sources */,
				69B8023D1BCA4D540086FCDB /* MyTabBarController.swift in Sources */,
			);
			runOnlyForDeploymentPostprocessing = 0;
		};
/* End PBXSourcesBuildPhase section */

/* Begin PBXVariantGroup section */
		69E00C151BBA3043007D0BEA /* Main.storyboard */ = {
			isa = PBXVariantGroup;
			children = (
				69E00C161BBA3043007D0BEA /* Base */,
			);
			name = Main.storyboard;
			sourceTree = "<group>";
		};
/* End PBXVariantGroup section */

/* Begin XCBuildConfiguration section */
		69E00C1E1BBA3043007D0BEA /* Debug */ = {
			isa = XCBuildConfiguration;
			buildSettings = {
				ALWAYS_SEARCH_USER_PATHS = NO;
				CLANG_CXX_LANGUAGE_STANDARD = "gnu++0x";
				CLANG_CXX_LIBRARY = "libc++";
				CLANG_ENABLE_MODULES = YES;
				CLANG_ENABLE_OBJC_ARC = YES;
				CLANG_WARN_BOOL_CONVERSION = YES;
				CLANG_WARN_CONSTANT_CONVERSION = YES;
				CLANG_WARN_DIRECT_OBJC_ISA_USAGE = YES_ERROR;
				CLANG_WARN_EMPTY_BODY = YES;
				CLANG_WARN_ENUM_CONVERSION = YES;
				CLANG_WARN_INT_CONVERSION = YES;
				CLANG_WARN_OBJC_ROOT_CLASS = YES_ERROR;
				CLANG_WARN_UNREACHABLE_CODE = YES;
				CLANG_WARN__DUPLICATE_METHOD_MATCH = YES;
				"CODE_SIGN_IDENTITY[sdk=iphoneos*]" = "iPhone Developer";
				COPY_PHASE_STRIP = NO;
				DEBUG_INFORMATION_FORMAT = dwarf;
				ENABLE_STRICT_OBJC_MSGSEND = YES;
				ENABLE_TESTABILITY = YES;
				GCC_C_LANGUAGE_STANDARD = gnu99;
				GCC_DYNAMIC_NO_PIC = NO;
				GCC_NO_COMMON_BLOCKS = YES;
				GCC_OPTIMIZATION_LEVEL = 0;
				GCC_PREPROCESSOR_DEFINITIONS = (
					"DEBUG=1",
					"$(inherited)",
				);
				GCC_WARN_64_TO_32_BIT_CONVERSION = YES;
				GCC_WARN_ABOUT_RETURN_TYPE = YES_ERROR;
				GCC_WARN_UNDECLARED_SELECTOR = YES;
				GCC_WARN_UNINITIALIZED_AUTOS = YES_AGGRESSIVE;
				GCC_WARN_UNUSED_FUNCTION = YES;
				GCC_WARN_UNUSED_VARIABLE = YES;
				IPHONEOS_DEPLOYMENT_TARGET = 9.0;
				MTL_ENABLE_DEBUG_INFO = YES;
				ONLY_ACTIVE_ARCH = YES;
				SDKROOT = iphoneos;
				SWIFT_OPTIMIZATION_LEVEL = "-Onone";
			};
			name = Debug;
		};
		69E00C1F1BBA3043007D0BEA /* Release */ = {
			isa = XCBuildConfiguration;
			buildSettings = {
				ALWAYS_SEARCH_USER_PATHS = NO;
				CLANG_CXX_LANGUAGE_STANDARD = "gnu++0x";
				CLANG_CXX_LIBRARY = "libc++";
				CLANG_ENABLE_MODULES = YES;
				CLANG_ENABLE_OBJC_ARC = YES;
				CLANG_WARN_BOOL_CONVERSION = YES;
				CLANG_WARN_CONSTANT_CONVERSION = YES;
				CLANG_WARN_DIRECT_OBJC_ISA_USAGE = YES_ERROR;
				CLANG_WARN_EMPTY_BODY = YES;
				CLANG_WARN_ENUM_CONVERSION = YES;
				CLANG_WARN_INT_CONVERSION = YES;
				CLANG_WARN_OBJC_ROOT_CLASS = YES_ERROR;
				CLANG_WARN_UNREACHABLE_CODE = YES;
				CLANG_WARN__DUPLICATE_METHOD_MATCH = YES;
				"CODE_SIGN_IDENTITY[sdk=iphoneos*]" = "iPhone Developer";
				COPY_PHASE_STRIP = NO;
				DEBUG_INFORMATION_FORMAT = "dwarf-with-dsym";
				ENABLE_NS_ASSERTIONS = NO;
				ENABLE_STRICT_OBJC_MSGSEND = YES;
				GCC_C_LANGUAGE_STANDARD = gnu99;
				GCC_NO_COMMON_BLOCKS = YES;
				GCC_WARN_64_TO_32_BIT_CONVERSION = YES;
				GCC_WARN_ABOUT_RETURN_TYPE = YES_ERROR;
				GCC_WARN_UNDECLARED_SELECTOR = YES;
				GCC_WARN_UNINITIALIZED_AUTOS = YES_AGGRESSIVE;
				GCC_WARN_UNUSED_FUNCTION = YES;
				GCC_WARN_UNUSED_VARIABLE = YES;
				IPHONEOS_DEPLOYMENT_TARGET = 9.0;
				MTL_ENABLE_DEBUG_INFO = NO;
				SDKROOT = iphoneos;
				VALIDATE_PRODUCT = YES;
			};
			name = Release;
		};
		69E00C211BBA3043007D0BEA /* Debug */ = {
			isa = XCBuildConfiguration;
			buildSettings = {
				ASSETCATALOG_COMPILER_APPICON_NAME = AppIcon;
				ASSETCATALOG_COMPILER_LAUNCHIMAGE_NAME = BrandAsset;
				CODE_SIGN_IDENTITY = "iPhone Developer";
				INFOPLIST_FILE = MyLocations/Info.plist;
				LD_RUNPATH_SEARCH_PATHS = "$(inherited) @executable_path/Frameworks";
				PRODUCT_BUNDLE_IDENTIFIER = com.look4us.MyLocations;
				PRODUCT_NAME = "$(TARGET_NAME)";
				TARGETED_DEVICE_FAMILY = 1;
			};
			name = Debug;
		};
		69E00C221BBA3043007D0BEA /* Release */ = {
			isa = XCBuildConfiguration;
			buildSettings = {
				ASSETCATALOG_COMPILER_APPICON_NAME = AppIcon;
				ASSETCATALOG_COMPILER_LAUNCHIMAGE_NAME = BrandAsset;
				CODE_SIGN_IDENTITY = "iPhone Developer";
				INFOPLIST_FILE = MyLocations/Info.plist;
				LD_RUNPATH_SEARCH_PATHS = "$(inherited) @executable_path/Frameworks";
				PRODUCT_BUNDLE_IDENTIFIER = com.look4us.MyLocations;
				PRODUCT_NAME = "$(TARGET_NAME)";
				TARGETED_DEVICE_FAMILY = 1;
			};
			name = Release;
		};
/* End XCBuildConfiguration section */

/* Begin XCConfigurationList section */
		69E00C071BBA3043007D0BEA /* Build configuration list for PBXProject "MyLocations" */ = {
			isa = XCConfigurationList;
			buildConfigurations = (
				69E00C1E1BBA3043007D0BEA /* Debug */,
				69E00C1F1BBA3043007D0BEA /* Release */,
			);
			defaultConfigurationIsVisible = 0;
			defaultConfigurationName = Release;
		};
		69E00C201BBA3043007D0BEA /* Build configuration list for PBXNativeTarget "MyLocations" */ = {
			isa = XCConfigurationList;
			buildConfigurations = (
				69E00C211BBA3043007D0BEA /* Debug */,
				69E00C221BBA3043007D0BEA /* Release */,
			);
			defaultConfigurationIsVisible = 0;
			defaultConfigurationName = Release;
		};
/* End XCConfigurationList section */

/* Begin XCVersionGroup section */
		6987349A1BC4D59C0017271B /* DataModel.xcdatamodeld */ = {
			isa = XCVersionGroup;
			children = (
				6987349B1BC4D59C0017271B /* DataModel.xcdatamodel */,
			);
			currentVersion = 6987349B1BC4D59C0017271B /* DataModel.xcdatamodel */;
			path = DataModel.xcdatamodeld;
			sourceTree = "<group>";
			versionGroupType = wrapper.xcdatamodel;
		};
/* End XCVersionGroup section */
	};
	rootObject = 69E00C041BBA3043007D0BEA /* Project object */;
}
