// !$*UTF8*$!
{
	archiveVersion = 1;
	classes = {
	};
	objectVersion = 46;
	objects = {

/* Begin PBXBuildFile section */
		690E0CF21C2C1622006433DE /* GradientView.swift in Sources */ = {isa = PBXBuildFile; fileRef = 690E0CF11C2C1622006433DE /* GradientView.swift */; };
		690E0CF41C2C203C006433DE /* BounceAnimationController.swift in Sources */ = {isa = PBXBuildFile; fileRef = 690E0CF31C2C203C006433DE /* BounceAnimationController.swift */; };
		690E0CF61C2C2535006433DE /* SlideOutAnimationController.swift in Sources */ = {isa = PBXBuildFile; fileRef = 690E0CF51C2C2535006433DE /* SlideOutAnimationController.swift */; };
		690E0CF81C2C2BD5006433DE /* LandscapeViewController.swift in Sources */ = {isa = PBXBuildFile; fileRef = 690E0CF71C2C2BD5006433DE /* LandscapeViewController.swift */; };
		690FF5AC1C0DE8D80068F7A9 /* SearchResult.swift in Sources */ = {isa = PBXBuildFile; fileRef = 690FF5AB1C0DE8D80068F7A9 /* SearchResult.swift */; };
		691E79641C0C7AF600616AAC /* AppDelegate.swift in Sources */ = {isa = PBXBuildFile; fileRef = 691E79631C0C7AF600616AAC /* AppDelegate.swift */; };
		691E79661C0C7AF600616AAC /* SearchViewController.swift in Sources */ = {isa = PBXBuildFile; fileRef = 691E79651C0C7AF600616AAC /* SearchViewController.swift */; };
		691E79691C0C7AF600616AAC /* Main.storyboard in Resources */ = {isa = PBXBuildFile; fileRef = 691E79671C0C7AF600616AAC /* Main.storyboard */; };
		691E796B1C0C7AF600616AAC /* Assets.xcassets in Resources */ = {isa = PBXBuildFile; fileRef = 691E796A1C0C7AF600616AAC /* Assets.xcassets */; };
		694022221C14808100FE09A3 /* LoadingCell.xib in Resources */ = {isa = PBXBuildFile; fileRef = 694022211C14808100FE09A3 /* LoadingCell.xib */; };
		698138D01C0F2E7E00EC4829 /* SearchResultCell.swift in Sources */ = {isa = PBXBuildFile; fileRef = 698138CF1C0F2E7E00EC4829 /* SearchResultCell.swift */; };
		698138D21C0F37CA00EC4829 /* NothingFoundCell.swift in Sources */ = {isa = PBXBuildFile; fileRef = 698138D11C0F37CA00EC4829 /* NothingFoundCell.swift */; };
		698138D41C0F37F500EC4829 /* NothingFoundCell.xib in Resources */ = {isa = PBXBuildFile; fileRef = 698138D31C0F37F500EC4829 /* NothingFoundCell.xib */; };
		699832A11C18578D00BAAD9C /* DetailViewController.swift in Sources */ = {isa = PBXBuildFile; fileRef = 699832A01C18578D00BAAD9C /* DetailViewController.swift */; };
		699832A31C185BB600BAAD9C /* DimmingPresentationController.swift in Sources */ = {isa = PBXBuildFile; fileRef = 699832A21C185BB600BAAD9C /* DimmingPresentationController.swift */; };
		699859901C0F201E00856EFD /* SearchResultCell.xib in Resources */ = {isa = PBXBuildFile; fileRef = 6998598F1C0F201E00856EFD /* SearchResultCell.xib */; };
		69CC3F631C17157100CFEEF3 /* UIImageView+DownloadImage.swift in Sources */ = {isa = PBXBuildFile; fileRef = 69CC3F621C17157100CFEEF3 /* UIImageView+DownloadImage.swift */; };
/* End PBXBuildFile section */

/* Begin PBXFileReference section */
		690E0CF11C2C1622006433DE /* GradientView.swift */ = {isa = PBXFileReference; fileEncoding = 4; lastKnownFileType = sourcecode.swift; path = GradientView.swift; sourceTree = "<group>"; };
		690E0CF31C2C203C006433DE /* BounceAnimationController.swift */ = {isa = PBXFileReference; fileEncoding = 4; lastKnownFileType = sourcecode.swift; path = BounceAnimationController.swift; sourceTree = "<group>"; };
		690E0CF51C2C2535006433DE /* SlideOutAnimationController.swift */ = {isa = PBXFileReference; fileEncoding = 4; lastKnownFileType = sourcecode.swift; path = SlideOutAnimationController.swift; sourceTree = "<group>"; };
		690E0CF71C2C2BD5006433DE /* LandscapeViewController.swift */ = {isa = PBXFileReference; fileEncoding = 4; lastKnownFileType = sourcecode.swift; path = LandscapeViewController.swift; sourceTree = "<group>"; };
		690FF5AB1C0DE8D80068F7A9 /* SearchResult.swift */ = {isa = PBXFileReference; fileEncoding = 4; lastKnownFileType = sourcecode.swift; path = SearchResult.swift; sourceTree = "<group>"; };
		691E79601C0C7AF600616AAC /* StoreSearch.app */ = {isa = PBXFileReference; explicitFileType = wrapper.application; includeInIndex = 0; path = StoreSearch.app; sourceTree = BUILT_PRODUCTS_DIR; };
		691E79631C0C7AF600616AAC /* AppDelegate.swift */ = {isa = PBXFileReference; lastKnownFileType = sourcecode.swift; path = AppDelegate.swift; sourceTree = "<group>"; };
		691E79651C0C7AF600616AAC /* SearchViewController.swift */ = {isa = PBXFileReference; lastKnownFileType = sourcecode.swift; path = SearchViewController.swift; sourceTree = "<group>"; };
		691E79681C0C7AF600616AAC /* Base */ = {isa = PBXFileReference; lastKnownFileType = file.storyboard; name = Base; path = Base.lproj/Main.storyboard; sourceTree = "<group>"; };
		691E796A1C0C7AF600616AAC /* Assets.xcassets */ = {isa = PBXFileReference; lastKnownFileType = folder.assetcatalog; path = Assets.xcassets; sourceTree = "<group>"; };
		691E796F1C0C7AF600616AAC /* Info.plist */ = {isa = PBXFileReference; lastKnownFileType = text.plist.xml; path = Info.plist; sourceTree = "<group>"; };
		694022211C14808100FE09A3 /* LoadingCell.xib */ = {isa = PBXFileReference; fileEncoding = 4; lastKnownFileType = file.xib; path = LoadingCell.xib; sourceTree = "<group>"; };
		698138CF1C0F2E7E00EC4829 /* SearchResultCell.swift */ = {isa = PBXFileReference; fileEncoding = 4; lastKnownFileType = sourcecode.swift; path = SearchResultCell.swift; sourceTree = "<group>"; };
		698138D11C0F37CA00EC4829 /* NothingFoundCell.swift */ = {isa = PBXFileReference; fileEncoding = 4; lastKnownFileType = sourcecode.swift; path = NothingFoundCell.swift; sourceTree = "<group>"; };
		698138D31C0F37F500EC4829 /* NothingFoundCell.xib */ = {isa = PBXFileReference; fileEncoding = 4; lastKnownFileType = file.xib; path = NothingFoundCell.xib; sourceTree = "<group>"; };
		699832A01C18578D00BAAD9C /* DetailViewController.swift */ = {isa = PBXFileReference; fileEncoding = 4; lastKnownFileType = sourcecode.swift; path = DetailViewController.swift; sourceTree = "<group>"; };
		699832A21C185BB600BAAD9C /* DimmingPresentationController.swift */ = {isa = PBXFileReference; fileEncoding = 4; lastKnownFileType = sourcecode.swift; path = DimmingPresentationController.swift; sourceTree = "<group>"; };
		6998598F1C0F201E00856EFD /* SearchResultCell.xib */ = {isa = PBXFileReference; fileEncoding = 4; lastKnownFileType = file.xib; path = SearchResultCell.xib; sourceTree = "<group>"; };
		69CC3F621C17157100CFEEF3 /* UIImageView+DownloadImage.swift */ = {isa = PBXFileReference; fileEncoding = 4; lastKnownFileType = sourcecode.swift; path = "UIImageView+DownloadImage.swift"; sourceTree = "<group>"; };
/* End PBXFileReference section */

/* Begin PBXFrameworksBuildPhase section */
		691E795D1C0C7AF600616AAC /* Frameworks */ = {
			isa = PBXFrameworksBuildPhase;
			buildActionMask = 2147483647;
			files = (
			);
			runOnlyForDeploymentPostprocessing = 0;
		};
/* End PBXFrameworksBuildPhase section */

/* Begin PBXGroup section */
		691E79571C0C7AF600616AAC = {
			isa = PBXGroup;
			children = (
				691E79621C0C7AF600616AAC /* StoreSearch */,
				691E79611C0C7AF600616AAC /* Products */,
			);
			sourceTree = "<group>";
		};
		691E79611C0C7AF600616AAC /* Products */ = {
			isa = PBXGroup;
			children = (
				691E79601C0C7AF600616AAC /* StoreSearch.app */,
			);
			name = Products;
			sourceTree = "<group>";
		};
		691E79621C0C7AF600616AAC /* StoreSearch */ = {
			isa = PBXGroup;
			children = (
				691E79631C0C7AF600616AAC /* AppDelegate.swift */,
				691E79651C0C7AF600616AAC /* SearchViewController.swift */,
				691E79671C0C7AF600616AAC /* Main.storyboard */,
				691E796A1C0C7AF600616AAC /* Assets.xcassets */,
				691E796F1C0C7AF600616AAC /* Info.plist */,
				690FF5AB1C0DE8D80068F7A9 /* SearchResult.swift */,
				6998598F1C0F201E00856EFD /* SearchResultCell.xib */,
				698138CF1C0F2E7E00EC4829 /* SearchResultCell.swift */,
				698138D11C0F37CA00EC4829 /* NothingFoundCell.swift */,
				698138D31C0F37F500EC4829 /* NothingFoundCell.xib */,
				694022211C14808100FE09A3 /* LoadingCell.xib */,
				69CC3F621C17157100CFEEF3 /* UIImageView+DownloadImage.swift */,
				699832A01C18578D00BAAD9C /* DetailViewController.swift */,
				699832A21C185BB600BAAD9C /* DimmingPresentationController.swift */,
				690E0CF11C2C1622006433DE /* GradientView.swift */,
				690E0CF31C2C203C006433DE /* BounceAnimationController.swift */,
				690E0CF51C2C2535006433DE /* SlideOutAnimationController.swift */,
				690E0CF71C2C2BD5006433DE /* LandscapeViewController.swift */,
			);
			path = StoreSearch;
			sourceTree = "<group>";
		};
/* End PBXGroup section */

/* Begin PBXNativeTarget section */
		691E795F1C0C7AF600616AAC /* StoreSearch */ = {
			isa = PBXNativeTarget;
			buildConfigurationList = 691E79721C0C7AF600616AAC /* Build configuration list for PBXNativeTarget "StoreSearch" */;
			buildPhases = (
				691E795C1C0C7AF600616AAC /* Sources */,
				691E795D1C0C7AF600616AAC /* Frameworks */,
				691E795E1C0C7AF600616AAC /* Resources */,
			);
			buildRules = (
			);
			dependencies = (
			);
			name = StoreSearch;
			productName = StoreSearch;
			productReference = 691E79601C0C7AF600616AAC /* StoreSearch.app */;
			productType = "com.apple.product-type.application";
		};
/* End PBXNativeTarget section */

/* Begin PBXProject section */
		691E79581C0C7AF600616AAC /* Project object */ = {
			isa = PBXProject;
			attributes = {
				LastSwiftUpdateCheck = 0710;
				LastUpgradeCheck = 0710;
				ORGANIZATIONNAME = look4us;
				TargetAttributes = {
					691E795F1C0C7AF600616AAC = {
						CreatedOnToolsVersion = 7.1.1;
						DevelopmentTeam = GXK7UKVY2G;
					};
				};
			};
			buildConfigurationList = 691E795B1C0C7AF600616AAC /* Build configuration list for PBXProject "StoreSearch" */;
			compatibilityVersion = "Xcode 3.2";
			developmentRegion = English;
			hasScannedForEncodings = 0;
			knownRegions = (
				en,
				Base,
			);
			mainGroup = 691E79571C0C7AF600616AAC;
			productRefGroup = 691E79611C0C7AF600616AAC /* Products */;
			projectDirPath = "";
			projectRoot = "";
			targets = (
				691E795F1C0C7AF600616AAC /* StoreSearch */,
			);
		};
/* End PBXProject section */

/* Begin PBXResourcesBuildPhase section */
		691E795E1C0C7AF600616AAC /* Resources */ = {
			isa = PBXResourcesBuildPhase;
			buildActionMask = 2147483647;
			files = (
				691E796B1C0C7AF600616AAC /* Assets.xcassets in Resources */,
				694022221C14808100FE09A3 /* LoadingCell.xib in Resources */,
				699859901C0F201E00856EFD /* SearchResultCell.xib in Resources */,
				698138D41C0F37F500EC4829 /* NothingFoundCell.xib in Resources */,
				691E79691C0C7AF600616AAC /* Main.storyboard in Resources */,
			);
			runOnlyForDeploymentPostprocessing = 0;
		};
/* End PBXResourcesBuildPhase section */

/* Begin PBXSourcesBuildPhase section */
		691E795C1C0C7AF600616AAC /* Sources */ = {
			isa = PBXSourcesBuildPhase;
			buildActionMask = 2147483647;
			files = (
				691E79661C0C7AF600616AAC /* SearchViewController.swift in Sources */,
				690FF5AC1C0DE8D80068F7A9 /* SearchResult.swift in Sources */,
				69CC3F631C17157100CFEEF3 /* UIImageView+DownloadImage.swift in Sources */,
				699832A31C185BB600BAAD9C /* DimmingPresentationController.swift in Sources */,
				690E0CF41C2C203C006433DE /* BounceAnimationController.swift in Sources */,
				698138D21C0F37CA00EC4829 /* NothingFoundCell.swift in Sources */,
				698138D01C0F2E7E00EC4829 /* SearchResultCell.swift in Sources */,
				691E79641C0C7AF600616AAC /* AppDelegate.swift in Sources */,
				690E0CF61C2C2535006433DE /* SlideOutAnimationController.swift in Sources */,
				699832A11C18578D00BAAD9C /* DetailViewController.swift in Sources */,
				690E0CF81C2C2BD5006433DE /* LandscapeViewController.swift in Sources */,
				690E0CF21C2C1622006433DE /* GradientView.swift in Sources */,
			);
			runOnlyForDeploymentPostprocessing = 0;
		};
/* End PBXSourcesBuildPhase section */

/* Begin PBXVariantGroup section */
		691E79671C0C7AF600616AAC /* Main.storyboard */ = {
			isa = PBXVariantGroup;
			children = (
				691E79681C0C7AF600616AAC /* Base */,
			);
			name = Main.storyboard;
			sourceTree = "<group>";
		};
/* End PBXVariantGroup section */

/* Begin XCBuildConfiguration section */
		691E79701C0C7AF600616AAC /* Debug */ = {
			isa = XCBuildConfiguration;
			buildSettings = {
				ALWAYS_SEARCH_USER_PATHS = NO;
				CLANG_CXX_LANGUAGE_STANDARD = "gnu++0x";
				CLANG_CXX_LIBRARY = "libc++";
				CLANG_ENABLE_MODULES = YES;
				CLANG_ENABLE_OBJC_ARC = YES;
				CLANG_WARN_BOOL_CONVERSION = YES;
				CLANG_WARN_CONSTANT_CONVERSION = YES;
				CLANG_WARN_DIRECT_OBJC_ISA_USAGE = YES_ERROR;
				CLANG_WARN_EMPTY_BODY = YES;
				CLANG_WARN_ENUM_CONVERSION = YES;
				CLANG_WARN_INT_CONVERSION = YES;
				CLANG_WARN_OBJC_ROOT_CLASS = YES_ERROR;
				CLANG_WARN_UNREACHABLE_CODE = YES;
				CLANG_WARN__DUPLICATE_METHOD_MATCH = YES;
				"CODE_SIGN_IDENTITY[sdk=iphoneos*]" = "iPhone Developer";
				COPY_PHASE_STRIP = NO;
				DEBUG_INFORMATION_FORMAT = dwarf;
				ENABLE_STRICT_OBJC_MSGSEND = YES;
				ENABLE_TESTABILITY = YES;
				GCC_C_LANGUAGE_STANDARD = gnu99;
				GCC_DYNAMIC_NO_PIC = NO;
				GCC_NO_COMMON_BLOCKS = YES;
				GCC_OPTIMIZATION_LEVEL = 0;
				GCC_PREPROCESSOR_DEFINITIONS = (
					"DEBUG=1",
					"$(inherited)",
				);
				GCC_WARN_64_TO_32_BIT_CONVERSION = YES;
				GCC_WARN_ABOUT_RETURN_TYPE = YES_ERROR;
				GCC_WARN_UNDECLARED_SELECTOR = YES;
				GCC_WARN_UNINITIALIZED_AUTOS = YES_AGGRESSIVE;
				GCC_WARN_UNUSED_FUNCTION = YES;
				GCC_WARN_UNUSED_VARIABLE = YES;
				IPHONEOS_DEPLOYMENT_TARGET = 9.1;
				MTL_ENABLE_DEBUG_INFO = YES;
				ONLY_ACTIVE_ARCH = YES;
				SDKROOT = iphoneos;
				SWIFT_OPTIMIZATION_LEVEL = "-Onone";
			};
			name = Debug;
		};
		691E79711C0C7AF600616AAC /* Release */ = {
			isa = XCBuildConfiguration;
			buildSettings = {
				ALWAYS_SEARCH_USER_PATHS = NO;
				CLANG_CXX_LANGUAGE_STANDARD = "gnu++0x";
				CLANG_CXX_LIBRARY = "libc++";
				CLANG_ENABLE_MODULES = YES;
				CLANG_ENABLE_OBJC_ARC = YES;
				CLANG_WARN_BOOL_CONVERSION = YES;
				CLANG_WARN_CONSTANT_CONVERSION = YES;
				CLANG_WARN_DIRECT_OBJC_ISA_USAGE = YES_ERROR;
				CLANG_WARN_EMPTY_BODY = YES;
				CLANG_WARN_ENUM_CONVERSION = YES;
				CLANG_WARN_INT_CONVERSION = YES;
				CLANG_WARN_OBJC_ROOT_CLASS = YES_ERROR;
				CLANG_WARN_UNREACHABLE_CODE = YES;
				CLANG_WARN__DUPLICATE_METHOD_MATCH = YES;
				"CODE_SIGN_IDENTITY[sdk=iphoneos*]" = "iPhone Developer";
				COPY_PHASE_STRIP = NO;
				DEBUG_INFORMATION_FORMAT = "dwarf-with-dsym";
				ENABLE_NS_ASSERTIONS = NO;
				ENABLE_STRICT_OBJC_MSGSEND = YES;
				GCC_C_LANGUAGE_STANDARD = gnu99;
				GCC_NO_COMMON_BLOCKS = YES;
				GCC_WARN_64_TO_32_BIT_CONVERSION = YES;
				GCC_WARN_ABOUT_RETURN_TYPE = YES_ERROR;
				GCC_WARN_UNDECLARED_SELECTOR = YES;
				GCC_WARN_UNINITIALIZED_AUTOS = YES_AGGRESSIVE;
				GCC_WARN_UNUSED_FUNCTION = YES;
				GCC_WARN_UNUSED_VARIABLE = YES;
				IPHONEOS_DEPLOYMENT_TARGET = 9.1;
				MTL_ENABLE_DEBUG_INFO = NO;
				SDKROOT = iphoneos;
				VALIDATE_PRODUCT = YES;
			};
			name = Release;
		};
		691E79731C0C7AF600616AAC /* Debug */ = {
			isa = XCBuildConfiguration;
			buildSettings = {
				ASSETCATALOG_COMPILER_APPICON_NAME = AppIcon;
				INFOPLIST_FILE = StoreSearch/Info.plist;
				IPHONEOS_DEPLOYMENT_TARGET = 9.2;
				LD_RUNPATH_SEARCH_PATHS = "$(inherited) @executable_path/Frameworks";
				PRODUCT_BUNDLE_IDENTIFIER = com.look4us.StoreSearch;
				PRODUCT_NAME = "$(TARGET_NAME)";
				TARGETED_DEVICE_FAMILY = 1;
			};
			name = Debug;
		};
		691E79741C0C7AF600616AAC /* Release */ = {
			isa = XCBuildConfiguration;
			buildSettings = {
				ASSETCATALOG_COMPILER_APPICON_NAME = AppIcon;
				INFOPLIST_FILE = StoreSearch/Info.plist;
				IPHONEOS_DEPLOYMENT_TARGET = 9.2;
				LD_RUNPATH_SEARCH_PATHS = "$(inherited) @executable_path/Frameworks";
				PRODUCT_BUNDLE_IDENTIFIER = com.look4us.StoreSearch;
				PRODUCT_NAME = "$(TARGET_NAME)";
				TARGETED_DEVICE_FAMILY = 1;
			};
			name = Release;
		};
/* End XCBuildConfiguration section */

/* Begin XCConfigurationList section */
		691E795B1C0C7AF600616AAC /* Build configuration list for PBXProject "StoreSearch" */ = {
			isa = XCConfigurationList;
			buildConfigurations = (
				691E79701C0C7AF600616AAC /* Debug */,
				691E79711C0C7AF600616AAC /* Release */,
			);
			defaultConfigurationIsVisible = 0;
			defaultConfigurationName = Release;
		};
		691E79721C0C7AF600616AAC /* Build configuration list for PBXNativeTarget "StoreSearch" */ = {
			isa = XCConfigurationList;
			buildConfigurations = (
				691E79731C0C7AF600616AAC /* Debug */,
				691E79741C0C7AF600616AAC /* Release */,
			);
			defaultConfigurationIsVisible = 0;
			defaultConfigurationName = Release;
		};
/* End XCConfigurationList section */
	};
	rootObject = 691E79581C0C7AF600616AAC /* Project object */;
}
